
Microsoft Visual Studio Solution File, Format Version 12.00
# Visual Studio Version 17
VisualStudioVersion = 17.11.35219.272
MinimumVisualStudioVersion = 10.0.40219.1
Project("{FAE04EC0-301F-11D3-BF4B-00C04F79EFBC}") = "ConsoleApp4", "ConsoleApp4\ConsoleApp4.csproj", "{2A3C5A68-C520-4426-8D80-7EC3CA883612}"
EndProject
Global
	GlobalSection(SolutionConfigurationPlatforms) = preSolution
		Debug|Any CPU = Debug|Any CPU
		Release|Any CPU = Release|Any CPU
	EndGlobalSection
	GlobalSection(ProjectConfigurationPlatforms) = postSolution
		{2A3C5A68-C520-4426-8D80-7EC3CA883612}.Debug|Any CPU.ActiveCfg = Debug|Any CPU
		{2A3C5A68-C520-4426-8D80-7EC3CA883612}.Debug|Any CPU.Build.0 = Debug|Any CPU
		{2A3C5A68-C520-4426-8D80-7EC3CA883612}.Release|Any CPU.ActiveCfg = Release|Any CPU
		{2A3C5A68-C520-4426-8D80-7EC3CA883612}.Release|Any CPU.Build.0 = Release|Any CPU
	EndGlobalSection
	GlobalSection(SolutionProperties) = preSolution
		HideSolutionNode = FALSE
	EndGlobalSection
	GlobalSection(ExtensibilityGlobals) = postSolution
		SolutionGuid = {9CB1C79C-C926-4FFA-9FF9-FBCAD765ED6E}
	EndGlobalSection
EndGlobal
